
Microsoft Visual Studio Solution File, Format Version 12.00
# Visual Studio 15
VisualStudioVersion = 15.0.27703.2047
MinimumVisualStudioVersion = 10.0.40219.1
Project("{FAE04EC0-301F-11D3-BF4B-00C04F79EFBC}") = "Photography", "Photography\Photography.csproj", "{422985F5-16EF-4335-ACAE-FE2C8304A5A2}"
EndProject
Global
	GlobalSection(SolutionConfigurationPlatforms) = preSolution
		Debug|Any CPU = Debug|Any CPU
		Release|Any CPU = Release|Any CPU
	EndGlobalSection
	GlobalSection(ProjectConfigurationPlatforms) = postSolution
		{422985F5-16EF-4335-ACAE-FE2C8304A5A2}.Debug|Any CPU.ActiveCfg = Debug|Any CPU
		{422985F5-16EF-4335-ACAE-FE2C8304A5A2}.Debug|Any CPU.Build.0 = Debug|Any CPU
		{422985F5-16EF-4335-ACAE-FE2C8304A5A2}.Release|Any CPU.ActiveCfg = Release|Any CPU
		{422985F5-16EF-4335-ACAE-FE2C8304A5A2}.Release|Any CPU.Build.0 = Release|Any CPU
	EndGlobalSection
	GlobalSection(SolutionProperties) = preSolution
		HideSolutionNode = FALSE
	EndGlobalSection
	GlobalSection(ExtensibilityGlobals) = postSolution
		SolutionGuid = {58262142-50EE-4870-83FA-FAC6AB74B8FB}
	EndGlobalSection
EndGlobal
